{
    "_readme": [
        "This file locks the dependencies of your project to a known state",
        "Read more about it at https://getcomposer.org/doc/01-basic-usage.md#installing-dependencies",
        "This file is @generated automatically"
    ],
    "content-hash": "46660e673034f47a4d0338ab74acfa77",
    "packages": [
        {
            "name": "philcook/gtmetrix",
            "version": "v1.0.5",
            "source": {
                "type": "git",
                "url": "https://github.com/philcook/php-gtmetrix.git",
                "reference": "9a6bf78c8abd56e0bed0e586d8982b48c4a4a06f"
            },
            "dist": {
                "type": "zip",
                "url": "https://api.github.com/repos/philcook/php-gtmetrix/zipball/9a6bf78c8abd56e0bed0e586d8982b48c4a4a06f",
                "reference": "9a6bf78c8abd56e0bed0e586d8982b48c4a4a06f",
                "shasum": ""
            },
            "require": {
                "ext-curl": "*",
                "php": ">=7.3"
            },
            "require-dev": {
                "apigen/apigen": "~4.1",
                "phing/phing": "~2.16",
                "phpunit/phpunit": "~9.5"
            },
            "type": "library",
            "autoload": {
                "psr-4": {
                    "Entrecore\\GTMetrixClient\\": "src/"
                }
            },
            "notification-url": "https://packagist.org/downloads/",
            "license": [
                "MIT"
            ],
            "description": "GTMetrix API client for PHP",
            "support": {
                "source": "https://github.com/philcook/php-gtmetrix/tree/v1.0.5"
            },
            "time": "2021-02-16T20:04:01+00:00"
        }
    ],
    "packages-dev": [],
    "aliases": [],
    "minimum-stability": "stable",
    "stability-flags": [],
    "prefer-stable": false,
    "prefer-lowest": false,
    "platform": [],
    "platform-dev": [],
    "plugin-api-version": "2.1.0"
}
